Microsoft Visual Studio Solution File, Format Version 12.00
# Visual Studio Version 16
VisualStudioVersion = 16.0.28803.202
MinimumVisualStudioVersion = 15.0.26124.0
Project("{2150E333-8FDC-42A3-9474-1A3956D46DE8}") = "src", "src", "{0E0EE69B-4520-4C16-B68A-1EFA74D6FACB}"
EndProject
Project("{9A19103F-16F7-4668-BE54-9A1E7A4F7556}") = "Micro.Services.Tenants", "src\Micro.Services.Tenants\Micro.Services.Tenants.csproj", "{7C9ECE51-797F-491E-A87D-9A48D08E8DC7}"
EndProject
Project("{9A19103F-16F7-4668-BE54-9A1E7A4F7556}") = "Micro.Services.Content", "src\Micro.Services.Content\Micro.Services.Content.csproj", "{E55B5B8C-F335-4910-A0B9-AEBD6EDB7582}"
EndProject
Project("{9A19103F-16F7-4668-BE54-9A1E7A4F7556}") = "Micro.Services.Content.IntegrationTests", "tests\Micro.Services.Content.IntegrationTests\Micro.Services.Content.IntegrationTests.csproj", "{0851AA9E-8E39-4828-824D-8C46F3F69AE6}"
EndProject
Project("{9A19103F-16F7-4668-BE54-9A1E7A4F7556}") = "Micro.AcceptanceTests", "tests\Micro.AcceptanceTests\Micro.AcceptanceTests.csproj", "{7571C20E-5473-4370-9A6B-D6779C252A7B}"
EndProject
Project("{2150E333-8FDC-42A3-9474-1A3956D46DE8}") = "Docker", "Docker", "{D955E946-5B59-43A0-85AB-C48F81AA5F5A}"
	ProjectSection(SolutionItems) = preProject
		docker-compose-dockerhub.yml = docker-compose-dockerhub.yml
		docker-compose-infra.yml = docker-compose-infra.yml
		docker-compose-tests-acceptance.yml = docker-compose-tests-acceptance.yml
		docker-compose-tests-integration-content.yml = docker-compose-tests-integration-content.yml
		docker-compose-tests-integration-tenants.yml = docker-compose-tests-integration-tenants.yml
		docker-compose-tests-unit-content.yml = docker-compose-tests-unit-content.yml
		docker-compose-tests-unit-tenants.yml = docker-compose-tests-unit-tenants.yml
		docker-compose.override.yml = docker-compose.override.yml
		docker-compose.yml = docker-compose.yml
		test.sh = test.sh
	EndProjectSection
EndProject
Project("{2150E333-8FDC-42A3-9474-1A3956D46DE8}") = "tests", "tests", "{5B474518-F3CD-4091-BCBE-AC3194C38FAE}"
EndProject
Project("{9A19103F-16F7-4668-BE54-9A1E7A4F7556}") = "Micro.Services.Tenants.UnitTests", "tests\Micro.Services.Tenants.UnitTests\Micro.Services.Tenants.UnitTests.csproj", "{62844CE2-8329-4856-8F72-651BA6848C15}"
EndProject
Project("{9A19103F-16F7-4668-BE54-9A1E7A4F7556}") = "Micro.Services.Content.UnitTests", "tests\Micro.Services.Content.UnitTests\Micro.Services.Content.UnitTests.csproj", "{F920CCED-DA0D-4BD5-89EC-A87560532707}"
EndProject
Project("{9A19103F-16F7-4668-BE54-9A1E7A4F7556}") = "Micro.Services.Tenants.IntegrationTests", "tests\Micro.Services.Tenants.IntegrationTests\Micro.Services.Tenants.IntegrationTests.csproj", "{66C46418-05D1-4418-B0E4-F9BED9F12D8A}"
EndProject
Project("{2150E333-8FDC-42A3-9474-1A3956D46DE8}") = "Solution Items", "Solution Items", "{CA2CCAA3-72D4-4506-B62B-4BF483EDC4F6}"
	ProjectSection(SolutionItems) = preProject
		.appveyor.yml = .appveyor.yml
		readme.md = readme.md
	EndProjectSection
EndProject
Project("{2150E333-8FDC-42A3-9474-1A3956D46DE8}") = "k8s", "k8s", "{2C2CF66B-6159-4FA2-8ED0-DF812BDC48B3}"
	ProjectSection(SolutionItems) = preProject
		k8s\app.yml = k8s\app.yml
		k8s\inf.yml = k8s\inf.yml
		k8s\install_app.sh = k8s\install_app.sh
	EndProjectSection
EndProject
Project("{FAE04EC0-301F-11D3-BF4B-00C04F79EFBC}") = "Micro.Service.Gateway", "src\Micro.Service.Gateway\Micro.Service.Gateway.csproj", "{B846319B-2C45-4F74-8E69-0634C4A7E3AB}"
EndProject
Global
	GlobalSection(SolutionConfigurationPlatforms) = preSolution
		Debug|Any CPU = Debug|Any CPU
		Debug|x64 = Debug|x64
		Debug|x86 = Debug|x86
		Release|Any CPU = Release|Any CPU
		Release|x64 = Release|x64
		Release|x86 = Release|x86
	EndGlobalSection
	GlobalSection(ProjectConfigurationPlatforms) = postSolution
		{7C9ECE51-797F-491E-A87D-9A48D08E8DC7}.Debug|Any CPU.ActiveCfg = Debug|Any CPU
		{7C9ECE51-797F-491E-A87D-9A48D08E8DC7}.Debug|Any CPU.Build.0 = Debug|Any CPU
		{7C9ECE51-797F-491E-A87D-9A48D08E8DC7}.Debug|x64.ActiveCfg = Debug|Any CPU
		{7C9ECE51-797F-491E-A87D-9A48D08E8DC7}.Debug|x64.Build.0 = Debug|Any CPU
		{7C9ECE51-797F-491E-A87D-9A48D08E8DC7}.Debug|x86.ActiveCfg = Debug|Any CPU
		{7C9ECE51-797F-491E-A87D-9A48D08E8DC7}.Debug|x86.Build.0 = Debug|Any CPU
		{7C9ECE51-797F-491E-A87D-9A48D08E8DC7}.Release|Any CPU.ActiveCfg = Release|Any CPU
		{7C9ECE51-797F-491E-A87D-9A48D08E8DC7}.Release|Any CPU.Build.0 = Release|Any CPU
		{7C9ECE51-797F-491E-A87D-9A48D08E8DC7}.Release|x64.ActiveCfg = Release|Any CPU
		{7C9ECE51-797F-491E-A87D-9A48D08E8DC7}.Release|x64.Build.0 = Release|Any CPU
		{7C9ECE51-797F-491E-A87D-9A48D08E8DC7}.Release|x86.ActiveCfg = Release|Any CPU
		{7C9ECE51-797F-491E-A87D-9A48D08E8DC7}.Release|x86.Build.0 = Release|Any CPU
		{E55B5B8C-F335-4910-A0B9-AEBD6EDB7582}.Debug|Any CPU.ActiveCfg = Debug|Any CPU
		{E55B5B8C-F335-4910-A0B9-AEBD6EDB7582}.Debug|Any CPU.Build.0 = Debug|Any CPU
		{E55B5B8C-F335-4910-A0B9-AEBD6EDB7582}.Debug|x64.ActiveCfg = Debug|Any CPU
		{E55B5B8C-F335-4910-A0B9-AEBD6EDB7582}.Debug|x64.Build.0 = Debug|Any CPU
		{E55B5B8C-F335-4910-A0B9-AEBD6EDB7582}.Debug|x86.ActiveCfg = Debug|Any CPU
		{E55B5B8C-F335-4910-A0B9-AEBD6EDB7582}.Debug|x86.Build.0 = Debug|Any CPU
		{E55B5B8C-F335-4910-A0B9-AEBD6EDB7582}.Release|Any CPU.ActiveCfg = Release|Any CPU
		{E55B5B8C-F335-4910-A0B9-AEBD6EDB7582}.Release|Any CPU.Build.0 = Release|Any CPU
		{E55B5B8C-F335-4910-A0B9-AEBD6EDB7582}.Release|x64.ActiveCfg = Release|Any CPU
		{E55B5B8C-F335-4910-A0B9-AEBD6EDB7582}.Release|x64.Build.0 = Release|Any CPU
		{E55B5B8C-F335-4910-A0B9-AEBD6EDB7582}.Release|x86.ActiveCfg = Release|Any CPU
		{E55B5B8C-F335-4910-A0B9-AEBD6EDB7582}.Release|x86.Build.0 = Release|Any CPU
		{0851AA9E-8E39-4828-824D-8C46F3F69AE6}.Debug|Any CPU.ActiveCfg = Debug|Any CPU
		{0851AA9E-8E39-4828-824D-8C46F3F69AE6}.Debug|Any CPU.Build.0 = Debug|Any CPU
		{0851AA9E-8E39-4828-824D-8C46F3F69AE6}.Debug|x64.ActiveCfg = Debug|Any CPU
		{0851AA9E-8E39-4828-824D-8C46F3F69AE6}.Debug|x64.Build.0 = Debug|Any CPU
		{0851AA9E-8E39-4828-824D-8C46F3F69AE6}.Debug|x86.ActiveCfg = Debug|Any CPU
		{0851AA9E-8E39-4828-824D-8C46F3F69AE6}.Debug|x86.Build.0 = Debug|Any CPU
		{0851AA9E-8E39-4828-824D-8C46F3F69AE6}.Release|Any CPU.ActiveCfg = Release|Any CPU
		{0851AA9E-8E39-4828-824D-8C46F3F69AE6}.Release|Any CPU.Build.0 = Release|Any CPU
		{0851AA9E-8E39-4828-824D-8C46F3F69AE6}.Release|x64.ActiveCfg = Release|Any CPU
		{0851AA9E-8E39-4828-824D-8C46F3F69AE6}.Release|x64.Build.0 = Release|Any CPU
		{0851AA9E-8E39-4828-824D-8C46F3F69AE6}.Release|x86.ActiveCfg = Release|Any CPU
		{0851AA9E-8E39-4828-824D-8C46F3F69AE6}.Release|x86.Build.0 = Release|Any CPU
		{7571C20E-5473-4370-9A6B-D6779C252A7B}.Debug|Any CPU.ActiveCfg = Debug|Any CPU
		{7571C20E-5473-4370-9A6B-D6779C252A7B}.Debug|Any CPU.Build.0 = Debug|Any CPU
		{7571C20E-5473-4370-9A6B-D6779C252A7B}.Debug|x64.ActiveCfg = Debug|Any CPU
		{7571C20E-5473-4370-9A6B-D6779C252A7B}.Debug|x64.Build.0 = Debug|Any CPU
		{7571C20E-5473-4370-9A6B-D6779C252A7B}.Debug|x86.ActiveCfg = Debug|Any CPU
		{7571C20E-5473-4370-9A6B-D6779C252A7B}.Debug|x86.Build.0 = Debug|Any CPU
		{7571C20E-5473-4370-9A6B-D6779C252A7B}.Release|Any CPU.ActiveCfg = Release|Any CPU
		{7571C20E-5473-4370-9A6B-D6779C252A7B}.Release|Any CPU.Build.0 = Release|Any CPU
		{7571C20E-5473-4370-9A6B-D6779C252A7B}.Release|x64.ActiveCfg = Release|Any CPU
		{7571C20E-5473-4370-9A6B-D6779C252A7B}.Release|x64.Build.0 = Release|Any CPU
		{7571C20E-5473-4370-9A6B-D6779C252A7B}.Release|x86.ActiveCfg = Release|Any CPU
		{7571C20E-5473-4370-9A6B-D6779C252A7B}.Release|x86.Build.0 = Release|Any CPU
		{62844CE2-8329-4856-8F72-651BA6848C15}.Debug|Any CPU.ActiveCfg = Debug|Any CPU
		{62844CE2-8329-4856-8F72-651BA6848C15}.Debug|Any CPU.Build.0 = Debug|Any CPU
		{62844CE2-8329-4856-8F72-651BA6848C15}.Debug|x64.ActiveCfg = Debug|Any CPU
		{62844CE2-8329-4856-8F72-651BA6848C15}.Debug|x64.Build.0 = Debug|Any CPU
		{62844CE2-8329-4856-8F72-651BA6848C15}.Debug|x86.ActiveCfg = Debug|Any CPU
		{62844CE2-8329-4856-8F72-651BA6848C15}.Debug|x86.Build.0 = Debug|Any CPU
		{62844CE2-8329-4856-8F72-651BA6848C15}.Release|Any CPU.ActiveCfg = Release|Any CPU
		{62844CE2-8329-4856-8F72-651BA6848C15}.Release|Any CPU.Build.0 = Release|Any CPU
		{62844CE2-8329-4856-8F72-651BA6848C15}.Release|x64.ActiveCfg = Release|Any CPU
		{62844CE2-8329-4856-8F72-651BA6848C15}.Release|x64.Build.0 = Release|Any CPU
		{62844CE2-8329-4856-8F72-651BA6848C15}.Release|x86.ActiveCfg = Release|Any CPU
		{62844CE2-8329-4856-8F72-651BA6848C15}.Release|x86.Build.0 = Release|Any CPU
		{F920CCED-DA0D-4BD5-89EC-A87560532707}.Debug|Any CPU.ActiveCfg = Debug|Any CPU
		{F920CCED-DA0D-4BD5-89EC-A87560532707}.Debug|Any CPU.Build.0 = Debug|Any CPU
		{F920CCED-DA0D-4BD5-89EC-A87560532707}.Debug|x64.ActiveCfg = Debug|Any CPU
		{F920CCED-DA0D-4BD5-89EC-A87560532707}.Debug|x64.Build.0 = Debug|Any CPU
		{F920CCED-DA0D-4BD5-89EC-A87560532707}.Debug|x86.ActiveCfg = Debug|Any CPU
		{F920CCED-DA0D-4BD5-89EC-A87560532707}.Debug|x86.Build.0 = Debug|Any CPU
		{F920CCED-DA0D-4BD5-89EC-A87560532707}.Release|Any CPU.ActiveCfg = Release|Any CPU
		{F920CCED-DA0D-4BD5-89EC-A87560532707}.Release|Any CPU.Build.0 = Release|Any CPU
		{F920CCED-DA0D-4BD5-89EC-A87560532707}.Release|x64.ActiveCfg = Release|Any CPU
		{F920CCED-DA0D-4BD5-89EC-A87560532707}.Release|x64.Build.0 = Release|Any CPU
		{F920CCED-DA0D-4BD5-89EC-A87560532707}.Release|x86.ActiveCfg = Release|Any CPU
		{F920CCED-DA0D-4BD5-89EC-A87560532707}.Release|x86.Build.0 = Release|Any CPU
		{66C46418-05D1-4418-B0E4-F9BED9F12D8A}.Debug|Any CPU.ActiveCfg = Debug|Any CPU
		{66C46418-05D1-4418-B0E4-F9BED9F12D8A}.Debug|Any CPU.Build.0 = Debug|Any CPU
		{66C46418-05D1-4418-B0E4-F9BED9F12D8A}.Debug|x64.ActiveCfg = Debug|Any CPU
		{66C46418-05D1-4418-B0E4-F9BED9F12D8A}.Debug|x64.Build.0 = Debug|Any CPU
		{66C46418-05D1-4418-B0E4-F9BED9F12D8A}.Debug|x86.ActiveCfg = Debug|Any CPU
		{66C46418-05D1-4418-B0E4-F9BED9F12D8A}.Debug|x86.Build.0 = Debug|Any CPU
		{66C46418-05D1-4418-B0E4-F9BED9F12D8A}.Release|Any CPU.ActiveCfg = Release|Any CPU
		{66C46418-05D1-4418-B0E4-F9BED9F12D8A}.Release|Any CPU.Build.0 = Release|Any CPU
		{66C46418-05D1-4418-B0E4-F9BED9F12D8A}.Release|x64.ActiveCfg = Release|Any CPU
		{66C46418-05D1-4418-B0E4-F9BED9F12D8A}.Release|x64.Build.0 = Release|Any CPU
		{66C46418-05D1-4418-B0E4-F9BED9F12D8A}.Release|x86.ActiveCfg = Release|Any CPU
		{66C46418-05D1-4418-B0E4-F9BED9F12D8A}.Release|x86.Build.0 = Release|Any CPU
		{B846319B-2C45-4F74-8E69-0634C4A7E3AB}.Debug|Any CPU.ActiveCfg = Debug|Any CPU
		{B846319B-2C45-4F74-8E69-0634C4A7E3AB}.Debug|Any CPU.Build.0 = Debug|Any CPU
		{B846319B-2C45-4F74-8E69-0634C4A7E3AB}.Debug|x64.ActiveCfg = Debug|Any CPU
		{B846319B-2C45-4F74-8E69-0634C4A7E3AB}.Debug|x64.Build.0 = Debug|Any CPU
		{B846319B-2C45-4F74-8E69-0634C4A7E3AB}.Debug|x86.ActiveCfg = Debug|Any CPU
		{B846319B-2C45-4F74-8E69-0634C4A7E3AB}.Debug|x86.Build.0 = Debug|Any CPU
		{B846319B-2C45-4F74-8E69-0634C4A7E3AB}.Release|Any CPU.ActiveCfg = Release|Any CPU
		{B846319B-2C45-4F74-8E69-0634C4A7E3AB}.Release|Any CPU.Build.0 = Release|Any CPU
		{B846319B-2C45-4F74-8E69-0634C4A7E3AB}.Release|x64.ActiveCfg = Release|Any CPU
		{B846319B-2C45-4F74-8E69-0634C4A7E3AB}.Release|x64.Build.0 = Release|Any CPU
		{B846319B-2C45-4F74-8E69-0634C4A7E3AB}.Release|x86.ActiveCfg = Release|Any CPU
		{B846319B-2C45-4F74-8E69-0634C4A7E3AB}.Release|x86.Build.0 = Release|Any CPU
	EndGlobalSection
	GlobalSection(SolutionProperties) = preSolution
		HideSolutionNode = FALSE
	EndGlobalSection
	GlobalSection(NestedProjects) = preSolution
		{7C9ECE51-797F-491E-A87D-9A48D08E8DC7} = {0E0EE69B-4520-4C16-B68A-1EFA74D6FACB}
		{E55B5B8C-F335-4910-A0B9-AEBD6EDB7582} = {0E0EE69B-4520-4C16-B68A-1EFA74D6FACB}
		{0851AA9E-8E39-4828-824D-8C46F3F69AE6} = {5B474518-F3CD-4091-BCBE-AC3194C38FAE}
		{7571C20E-5473-4370-9A6B-D6779C252A7B} = {5B474518-F3CD-4091-BCBE-AC3194C38FAE}
		{62844CE2-8329-4856-8F72-651BA6848C15} = {5B474518-F3CD-4091-BCBE-AC3194C38FAE}
		{F920CCED-DA0D-4BD5-89EC-A87560532707} = {5B474518-F3CD-4091-BCBE-AC3194C38FAE}
		{66C46418-05D1-4418-B0E4-F9BED9F12D8A} = {5B474518-F3CD-4091-BCBE-AC3194C38FAE}
	EndGlobalSection
	GlobalSection(ExtensibilityGlobals) = postSolution
		SolutionGuid = {A3DBFE17-B2BB-41A0-BED5-3ED75B167A60}
	EndGlobalSection
EndGlobal
