
Microsoft Visual Studio Solution File, Format Version 12.00
# Visual Studio 15
VisualStudioVersion = 15.0.26124.0
MinimumVisualStudioVersion = 15.0.26124.0
Project("{2150E333-8FDC-42A3-9474-1A3956D46DE8}") = "src", "src", "{0E0EE69B-4520-4C16-B68A-1EFA74D6FACB}"
EndProject
Project("{9A19103F-16F7-4668-BE54-9A1E7A4F7556}") = "Micro.ServiceA", "src\Micro.ServiceA\Micro.ServiceA.csproj", "{7C9ECE51-797F-491E-A87D-9A48D08E8DC7}"
EndProject
Project("{9A19103F-16F7-4668-BE54-9A1E7A4F7556}") = "Micro.ServiceB", "src\Micro.ServiceB\Micro.ServiceB.csproj", "{E55B5B8C-F335-4910-A0B9-AEBD6EDB7582}"
EndProject
Project("{9A19103F-16F7-4668-BE54-9A1E7A4F7556}") = "Micro.ServiceA.UnitTests", "tests\Micro.ServiceA.UnitTests\Micro.ServiceA.UnitTests.csproj", "{E9AD29DA-928C-4388-9658-DC58F38C82DF}"
EndProject
Project("{9A19103F-16F7-4668-BE54-9A1E7A4F7556}") = "Micro.ServiceA.IntegrationTests", "tests\Micro.ServiceA.IntegrationTests\Micro.ServiceA.IntegrationTests.csproj", "{F1F11300-7B51-498B-B66B-1BB811C79E23}"
EndProject
Project("{9A19103F-16F7-4668-BE54-9A1E7A4F7556}") = "Micro.ServiceB.IntegrationTests", "tests\Micro.ServiceB.IntegrationTests\Micro.ServiceB.IntegrationTests.csproj", "{0851AA9E-8E39-4828-824D-8C46F3F69AE6}"
EndProject
Project("{9A19103F-16F7-4668-BE54-9A1E7A4F7556}") = "Micro.ServiceB.UnitTests", "tests\Micro.ServiceB.UnitTests\Micro.ServiceB.UnitTests.csproj", "{65E437F0-E651-495F-AE48-17FEDA424E0C}"
EndProject
Project("{9A19103F-16F7-4668-BE54-9A1E7A4F7556}") = "Micro.AcceptanceTests", "tests\Micro.AcceptanceTests\Micro.AcceptanceTests.csproj", "{7571C20E-5473-4370-9A6B-D6779C252A7B}"
EndProject
Project("{2150E333-8FDC-42A3-9474-1A3956D46DE8}") = "Docker", "Docker", "{D955E946-5B59-43A0-85AB-C48F81AA5F5A}"
	ProjectSection(SolutionItems) = preProject
		docker-compose-acceptance.yml = docker-compose-acceptance.yml
		docker-compose-infra.yml = docker-compose-infra.yml
		docker-compose-integration-a.yml = docker-compose-integration-a.yml
		docker-compose-integration-b.yml = docker-compose-integration-b.yml
		docker-compose-unit-a.yml = docker-compose-unit-a.yml
		docker-compose-unit-b.yml = docker-compose-unit-b.yml
		docker-compose.override.yml = docker-compose.override.yml
		docker-compose.yml = docker-compose.yml
	EndProjectSection
EndProject
Project("{2150E333-8FDC-42A3-9474-1A3956D46DE8}") = "tests", "tests", "{5B474518-F3CD-4091-BCBE-AC3194C38FAE}"
EndProject
Project("{9A19103F-16F7-4668-BE54-9A1E7A4F7556}") = "Micro.Library", "src\Micro.Library\Micro.Library.csproj", "{96C684CD-0C5A-4D36-8F5C-2B188A7E4724}"
EndProject
Project("{9A19103F-16F7-4668-BE54-9A1E7A4F7556}") = "Micro.Tests", "tests\Micro.Tests\Micro.Tests.csproj", "{C3847FD8-6753-4CA2-A389-730A0319ADE4}"
EndProject
Global
	GlobalSection(SolutionConfigurationPlatforms) = preSolution
		Debug|Any CPU = Debug|Any CPU
		Debug|x64 = Debug|x64
		Debug|x86 = Debug|x86
		Release|Any CPU = Release|Any CPU
		Release|x64 = Release|x64
		Release|x86 = Release|x86
	EndGlobalSection
	GlobalSection(ProjectConfigurationPlatforms) = postSolution
		{7C9ECE51-797F-491E-A87D-9A48D08E8DC7}.Debug|Any CPU.ActiveCfg = Debug|Any CPU
		{7C9ECE51-797F-491E-A87D-9A48D08E8DC7}.Debug|Any CPU.Build.0 = Debug|Any CPU
		{7C9ECE51-797F-491E-A87D-9A48D08E8DC7}.Debug|x64.ActiveCfg = Debug|Any CPU
		{7C9ECE51-797F-491E-A87D-9A48D08E8DC7}.Debug|x64.Build.0 = Debug|Any CPU
		{7C9ECE51-797F-491E-A87D-9A48D08E8DC7}.Debug|x86.ActiveCfg = Debug|Any CPU
		{7C9ECE51-797F-491E-A87D-9A48D08E8DC7}.Debug|x86.Build.0 = Debug|Any CPU
		{7C9ECE51-797F-491E-A87D-9A48D08E8DC7}.Release|Any CPU.ActiveCfg = Release|Any CPU
		{7C9ECE51-797F-491E-A87D-9A48D08E8DC7}.Release|Any CPU.Build.0 = Release|Any CPU
		{7C9ECE51-797F-491E-A87D-9A48D08E8DC7}.Release|x64.ActiveCfg = Release|Any CPU
		{7C9ECE51-797F-491E-A87D-9A48D08E8DC7}.Release|x64.Build.0 = Release|Any CPU
		{7C9ECE51-797F-491E-A87D-9A48D08E8DC7}.Release|x86.ActiveCfg = Release|Any CPU
		{7C9ECE51-797F-491E-A87D-9A48D08E8DC7}.Release|x86.Build.0 = Release|Any CPU
		{E55B5B8C-F335-4910-A0B9-AEBD6EDB7582}.Debug|Any CPU.ActiveCfg = Debug|Any CPU
		{E55B5B8C-F335-4910-A0B9-AEBD6EDB7582}.Debug|Any CPU.Build.0 = Debug|Any CPU
		{E55B5B8C-F335-4910-A0B9-AEBD6EDB7582}.Debug|x64.ActiveCfg = Debug|Any CPU
		{E55B5B8C-F335-4910-A0B9-AEBD6EDB7582}.Debug|x64.Build.0 = Debug|Any CPU
		{E55B5B8C-F335-4910-A0B9-AEBD6EDB7582}.Debug|x86.ActiveCfg = Debug|Any CPU
		{E55B5B8C-F335-4910-A0B9-AEBD6EDB7582}.Debug|x86.Build.0 = Debug|Any CPU
		{E55B5B8C-F335-4910-A0B9-AEBD6EDB7582}.Release|Any CPU.ActiveCfg = Release|Any CPU
		{E55B5B8C-F335-4910-A0B9-AEBD6EDB7582}.Release|Any CPU.Build.0 = Release|Any CPU
		{E55B5B8C-F335-4910-A0B9-AEBD6EDB7582}.Release|x64.ActiveCfg = Release|Any CPU
		{E55B5B8C-F335-4910-A0B9-AEBD6EDB7582}.Release|x64.Build.0 = Release|Any CPU
		{E55B5B8C-F335-4910-A0B9-AEBD6EDB7582}.Release|x86.ActiveCfg = Release|Any CPU
		{E55B5B8C-F335-4910-A0B9-AEBD6EDB7582}.Release|x86.Build.0 = Release|Any CPU
		{E9AD29DA-928C-4388-9658-DC58F38C82DF}.Debug|Any CPU.ActiveCfg = Debug|Any CPU
		{E9AD29DA-928C-4388-9658-DC58F38C82DF}.Debug|Any CPU.Build.0 = Debug|Any CPU
		{E9AD29DA-928C-4388-9658-DC58F38C82DF}.Debug|x64.ActiveCfg = Debug|Any CPU
		{E9AD29DA-928C-4388-9658-DC58F38C82DF}.Debug|x64.Build.0 = Debug|Any CPU
		{E9AD29DA-928C-4388-9658-DC58F38C82DF}.Debug|x86.ActiveCfg = Debug|Any CPU
		{E9AD29DA-928C-4388-9658-DC58F38C82DF}.Debug|x86.Build.0 = Debug|Any CPU
		{E9AD29DA-928C-4388-9658-DC58F38C82DF}.Release|Any CPU.ActiveCfg = Release|Any CPU
		{E9AD29DA-928C-4388-9658-DC58F38C82DF}.Release|Any CPU.Build.0 = Release|Any CPU
		{E9AD29DA-928C-4388-9658-DC58F38C82DF}.Release|x64.ActiveCfg = Release|Any CPU
		{E9AD29DA-928C-4388-9658-DC58F38C82DF}.Release|x64.Build.0 = Release|Any CPU
		{E9AD29DA-928C-4388-9658-DC58F38C82DF}.Release|x86.ActiveCfg = Release|Any CPU
		{E9AD29DA-928C-4388-9658-DC58F38C82DF}.Release|x86.Build.0 = Release|Any CPU
		{F1F11300-7B51-498B-B66B-1BB811C79E23}.Debug|Any CPU.ActiveCfg = Debug|Any CPU
		{F1F11300-7B51-498B-B66B-1BB811C79E23}.Debug|Any CPU.Build.0 = Debug|Any CPU
		{F1F11300-7B51-498B-B66B-1BB811C79E23}.Debug|x64.ActiveCfg = Debug|Any CPU
		{F1F11300-7B51-498B-B66B-1BB811C79E23}.Debug|x64.Build.0 = Debug|Any CPU
		{F1F11300-7B51-498B-B66B-1BB811C79E23}.Debug|x86.ActiveCfg = Debug|Any CPU
		{F1F11300-7B51-498B-B66B-1BB811C79E23}.Debug|x86.Build.0 = Debug|Any CPU
		{F1F11300-7B51-498B-B66B-1BB811C79E23}.Release|Any CPU.ActiveCfg = Release|Any CPU
		{F1F11300-7B51-498B-B66B-1BB811C79E23}.Release|Any CPU.Build.0 = Release|Any CPU
		{F1F11300-7B51-498B-B66B-1BB811C79E23}.Release|x64.ActiveCfg = Release|Any CPU
		{F1F11300-7B51-498B-B66B-1BB811C79E23}.Release|x64.Build.0 = Release|Any CPU
		{F1F11300-7B51-498B-B66B-1BB811C79E23}.Release|x86.ActiveCfg = Release|Any CPU
		{F1F11300-7B51-498B-B66B-1BB811C79E23}.Release|x86.Build.0 = Release|Any CPU
		{0851AA9E-8E39-4828-824D-8C46F3F69AE6}.Debug|Any CPU.ActiveCfg = Debug|Any CPU
		{0851AA9E-8E39-4828-824D-8C46F3F69AE6}.Debug|Any CPU.Build.0 = Debug|Any CPU
		{0851AA9E-8E39-4828-824D-8C46F3F69AE6}.Debug|x64.ActiveCfg = Debug|Any CPU
		{0851AA9E-8E39-4828-824D-8C46F3F69AE6}.Debug|x64.Build.0 = Debug|Any CPU
		{0851AA9E-8E39-4828-824D-8C46F3F69AE6}.Debug|x86.ActiveCfg = Debug|Any CPU
		{0851AA9E-8E39-4828-824D-8C46F3F69AE6}.Debug|x86.Build.0 = Debug|Any CPU
		{0851AA9E-8E39-4828-824D-8C46F3F69AE6}.Release|Any CPU.ActiveCfg = Release|Any CPU
		{0851AA9E-8E39-4828-824D-8C46F3F69AE6}.Release|Any CPU.Build.0 = Release|Any CPU
		{0851AA9E-8E39-4828-824D-8C46F3F69AE6}.Release|x64.ActiveCfg = Release|Any CPU
		{0851AA9E-8E39-4828-824D-8C46F3F69AE6}.Release|x64.Build.0 = Release|Any CPU
		{0851AA9E-8E39-4828-824D-8C46F3F69AE6}.Release|x86.ActiveCfg = Release|Any CPU
		{0851AA9E-8E39-4828-824D-8C46F3F69AE6}.Release|x86.Build.0 = Release|Any CPU
		{65E437F0-E651-495F-AE48-17FEDA424E0C}.Debug|Any CPU.ActiveCfg = Debug|Any CPU
		{65E437F0-E651-495F-AE48-17FEDA424E0C}.Debug|Any CPU.Build.0 = Debug|Any CPU
		{65E437F0-E651-495F-AE48-17FEDA424E0C}.Debug|x64.ActiveCfg = Debug|Any CPU
		{65E437F0-E651-495F-AE48-17FEDA424E0C}.Debug|x64.Build.0 = Debug|Any CPU
		{65E437F0-E651-495F-AE48-17FEDA424E0C}.Debug|x86.ActiveCfg = Debug|Any CPU
		{65E437F0-E651-495F-AE48-17FEDA424E0C}.Debug|x86.Build.0 = Debug|Any CPU
		{65E437F0-E651-495F-AE48-17FEDA424E0C}.Release|Any CPU.ActiveCfg = Release|Any CPU
		{65E437F0-E651-495F-AE48-17FEDA424E0C}.Release|Any CPU.Build.0 = Release|Any CPU
		{65E437F0-E651-495F-AE48-17FEDA424E0C}.Release|x64.ActiveCfg = Release|Any CPU
		{65E437F0-E651-495F-AE48-17FEDA424E0C}.Release|x64.Build.0 = Release|Any CPU
		{65E437F0-E651-495F-AE48-17FEDA424E0C}.Release|x86.ActiveCfg = Release|Any CPU
		{65E437F0-E651-495F-AE48-17FEDA424E0C}.Release|x86.Build.0 = Release|Any CPU
		{7571C20E-5473-4370-9A6B-D6779C252A7B}.Debug|Any CPU.ActiveCfg = Debug|Any CPU
		{7571C20E-5473-4370-9A6B-D6779C252A7B}.Debug|Any CPU.Build.0 = Debug|Any CPU
		{7571C20E-5473-4370-9A6B-D6779C252A7B}.Debug|x64.ActiveCfg = Debug|Any CPU
		{7571C20E-5473-4370-9A6B-D6779C252A7B}.Debug|x64.Build.0 = Debug|Any CPU
		{7571C20E-5473-4370-9A6B-D6779C252A7B}.Debug|x86.ActiveCfg = Debug|Any CPU
		{7571C20E-5473-4370-9A6B-D6779C252A7B}.Debug|x86.Build.0 = Debug|Any CPU
		{7571C20E-5473-4370-9A6B-D6779C252A7B}.Release|Any CPU.ActiveCfg = Release|Any CPU
		{7571C20E-5473-4370-9A6B-D6779C252A7B}.Release|Any CPU.Build.0 = Release|Any CPU
		{7571C20E-5473-4370-9A6B-D6779C252A7B}.Release|x64.ActiveCfg = Release|Any CPU
		{7571C20E-5473-4370-9A6B-D6779C252A7B}.Release|x64.Build.0 = Release|Any CPU
		{7571C20E-5473-4370-9A6B-D6779C252A7B}.Release|x86.ActiveCfg = Release|Any CPU
		{7571C20E-5473-4370-9A6B-D6779C252A7B}.Release|x86.Build.0 = Release|Any CPU
		{96C684CD-0C5A-4D36-8F5C-2B188A7E4724}.Debug|Any CPU.ActiveCfg = Debug|Any CPU
		{96C684CD-0C5A-4D36-8F5C-2B188A7E4724}.Debug|Any CPU.Build.0 = Debug|Any CPU
		{96C684CD-0C5A-4D36-8F5C-2B188A7E4724}.Debug|x64.ActiveCfg = Debug|Any CPU
		{96C684CD-0C5A-4D36-8F5C-2B188A7E4724}.Debug|x64.Build.0 = Debug|Any CPU
		{96C684CD-0C5A-4D36-8F5C-2B188A7E4724}.Debug|x86.ActiveCfg = Debug|Any CPU
		{96C684CD-0C5A-4D36-8F5C-2B188A7E4724}.Debug|x86.Build.0 = Debug|Any CPU
		{96C684CD-0C5A-4D36-8F5C-2B188A7E4724}.Release|Any CPU.ActiveCfg = Release|Any CPU
		{96C684CD-0C5A-4D36-8F5C-2B188A7E4724}.Release|Any CPU.Build.0 = Release|Any CPU
		{96C684CD-0C5A-4D36-8F5C-2B188A7E4724}.Release|x64.ActiveCfg = Release|Any CPU
		{96C684CD-0C5A-4D36-8F5C-2B188A7E4724}.Release|x64.Build.0 = Release|Any CPU
		{96C684CD-0C5A-4D36-8F5C-2B188A7E4724}.Release|x86.ActiveCfg = Release|Any CPU
		{96C684CD-0C5A-4D36-8F5C-2B188A7E4724}.Release|x86.Build.0 = Release|Any CPU
		{C3847FD8-6753-4CA2-A389-730A0319ADE4}.Debug|Any CPU.ActiveCfg = Debug|Any CPU
		{C3847FD8-6753-4CA2-A389-730A0319ADE4}.Debug|Any CPU.Build.0 = Debug|Any CPU
		{C3847FD8-6753-4CA2-A389-730A0319ADE4}.Debug|x64.ActiveCfg = Debug|Any CPU
		{C3847FD8-6753-4CA2-A389-730A0319ADE4}.Debug|x64.Build.0 = Debug|Any CPU
		{C3847FD8-6753-4CA2-A389-730A0319ADE4}.Debug|x86.ActiveCfg = Debug|Any CPU
		{C3847FD8-6753-4CA2-A389-730A0319ADE4}.Debug|x86.Build.0 = Debug|Any CPU
		{C3847FD8-6753-4CA2-A389-730A0319ADE4}.Release|Any CPU.ActiveCfg = Release|Any CPU
		{C3847FD8-6753-4CA2-A389-730A0319ADE4}.Release|Any CPU.Build.0 = Release|Any CPU
		{C3847FD8-6753-4CA2-A389-730A0319ADE4}.Release|x64.ActiveCfg = Release|Any CPU
		{C3847FD8-6753-4CA2-A389-730A0319ADE4}.Release|x64.Build.0 = Release|Any CPU
		{C3847FD8-6753-4CA2-A389-730A0319ADE4}.Release|x86.ActiveCfg = Release|Any CPU
		{C3847FD8-6753-4CA2-A389-730A0319ADE4}.Release|x86.Build.0 = Release|Any CPU
	EndGlobalSection
	GlobalSection(SolutionProperties) = preSolution
		HideSolutionNode = FALSE
	EndGlobalSection
	GlobalSection(NestedProjects) = preSolution
		{7C9ECE51-797F-491E-A87D-9A48D08E8DC7} = {0E0EE69B-4520-4C16-B68A-1EFA74D6FACB}
		{E55B5B8C-F335-4910-A0B9-AEBD6EDB7582} = {0E0EE69B-4520-4C16-B68A-1EFA74D6FACB}
		{E9AD29DA-928C-4388-9658-DC58F38C82DF} = {5B474518-F3CD-4091-BCBE-AC3194C38FAE}
		{F1F11300-7B51-498B-B66B-1BB811C79E23} = {5B474518-F3CD-4091-BCBE-AC3194C38FAE}
		{0851AA9E-8E39-4828-824D-8C46F3F69AE6} = {5B474518-F3CD-4091-BCBE-AC3194C38FAE}
		{65E437F0-E651-495F-AE48-17FEDA424E0C} = {5B474518-F3CD-4091-BCBE-AC3194C38FAE}
		{7571C20E-5473-4370-9A6B-D6779C252A7B} = {5B474518-F3CD-4091-BCBE-AC3194C38FAE}
		{96C684CD-0C5A-4D36-8F5C-2B188A7E4724} = {0E0EE69B-4520-4C16-B68A-1EFA74D6FACB}
		{C3847FD8-6753-4CA2-A389-730A0319ADE4} = {5B474518-F3CD-4091-BCBE-AC3194C38FAE}
	EndGlobalSection
	GlobalSection(ExtensibilityGlobals) = postSolution
		SolutionGuid = {A3DBFE17-B2BB-41A0-BED5-3ED75B167A60}
	EndGlobalSection
EndGlobal
